
Microsoft Visual Studio Solution File, Format Version 12.00
# Visual Studio Version 16
VisualStudioVersion = 16.0.31025.194
MinimumVisualStudioVersion = 10.0.40219.1
Project("{FAE04EC0-301F-11D3-BF4B-00C04F79EFBC}") = "WebServiceCore", "WebServiceCore\WebServiceCore.csproj", "{EFD7C8D3-E3C8-42A8-AEA1-0B0AFA82B72E}"
EndProject
Global
	GlobalSection(SolutionConfigurationPlatforms) = preSolution
		Debug|Any CPU = Debug|Any CPU
		Release|Any CPU = Release|Any CPU
	EndGlobalSection
	GlobalSection(ProjectConfigurationPlatforms) = postSolution
		{EFD7C8D3-E3C8-42A8-AEA1-0B0AFA82B72E}.Debug|Any CPU.ActiveCfg = Debug|Any CPU
		{EFD7C8D3-E3C8-42A8-AEA1-0B0AFA82B72E}.Debug|Any CPU.Build.0 = Debug|Any CPU
		{EFD7C8D3-E3C8-42A8-AEA1-0B0AFA82B72E}.Release|Any CPU.ActiveCfg = Release|Any CPU
		{EFD7C8D3-E3C8-42A8-AEA1-0B0AFA82B72E}.Release|Any CPU.Build.0 = Release|Any CPU
	EndGlobalSection
	GlobalSection(SolutionProperties) = preSolution
		HideSolutionNode = FALSE
	EndGlobalSection
	GlobalSection(ExtensibilityGlobals) = postSolution
		SolutionGuid = {7EB114AD-06E7-4DF6-9587-868D58E7B466}
	EndGlobalSection
EndGlobal
